
Microsoft Visual Studio Solution File, Format Version 12.00
# Visual Studio Version 17
VisualStudioVersion = 17.7.34024.191
MinimumVisualStudioVersion = 10.0.40219.1
Project("{FAE04EC0-301F-11D3-BF4B-00C04F79EFBC}") = "VisualStudio-website", "VisualStudio-website\VisualStudio-website.csproj", "{562227BD-9FA8-4FF9-9164-B2C6553C8F51}"
EndProject
Global
	GlobalSection(SolutionConfigurationPlatforms) = preSolution
		Debug|Any CPU = Debug|Any CPU
		Release|Any CPU = Release|Any CPU
	EndGlobalSection
	GlobalSection(ProjectConfigurationPlatforms) = postSolution
		{562227BD-9FA8-4FF9-9164-B2C6553C8F51}.Debug|Any CPU.ActiveCfg = Debug|Any CPU
		{562227BD-9FA8-4FF9-9164-B2C6553C8F51}.Debug|Any CPU.Build.0 = Debug|Any CPU
		{562227BD-9FA8-4FF9-9164-B2C6553C8F51}.Release|Any CPU.ActiveCfg = Release|Any CPU
		{562227BD-9FA8-4FF9-9164-B2C6553C8F51}.Release|Any CPU.Build.0 = Release|Any CPU
	EndGlobalSection
	GlobalSection(SolutionProperties) = preSolution
		HideSolutionNode = FALSE
	EndGlobalSection
	GlobalSection(ExtensibilityGlobals) = postSolution
		SolutionGuid = {59333236-82A6-47DC-9CB5-B44BAB20F8D2}
	EndGlobalSection
EndGlobal
